// !$*UTF8*$!
{
	archiveVersion = 1;
	classes = {
	};
	objectVersion = 48;
	objects = {

/* Begin PBXBuildFile section */
		42D4F5C7E7BE61954D75EB73 /* Pods_AddressBook.framework in Frameworks */ = {isa = PBXBuildFile; fileRef = D0322D04F65081969266D281 /* Pods_AddressBook.framework */; };
		631D84401FDE20EC0009DFDA /* AppDelegate.swift in Sources */ = {isa = PBXBuildFile; fileRef = 631D843F1FDE20EC0009DFDA /* AppDelegate.swift */; };
		631D84421FDE20EC0009DFDA /* ViewController.swift in Sources */ = {isa = PBXBuildFile; fileRef = 631D84411FDE20EC0009DFDA /* ViewController.swift */; };
		631D84451FDE20EC0009DFDA /* Main.storyboard in Resources */ = {isa = PBXBuildFile; fileRef = 631D84431FDE20EC0009DFDA /* Main.storyboard */; };
		631D84471FDE20EC0009DFDA /* Assets.xcassets in Resources */ = {isa = PBXBuildFile; fileRef = 631D84461FDE20EC0009DFDA /* Assets.xcassets */; };
		631D844A1FDE20EC0009DFDA /* LaunchScreen.storyboard in Resources */ = {isa = PBXBuildFile; fileRef = 631D84481FDE20EC0009DFDA /* LaunchScreen.storyboard */; };
		631D84521FDE21450009DFDA /* DetailTableViewCell.swift in Sources */ = {isa = PBXBuildFile; fileRef = 631D84511FDE21450009DFDA /* DetailTableViewCell.swift */; };
		631D84541FDE215D0009DFDA /* DetailViewController.swift in Sources */ = {isa = PBXBuildFile; fileRef = 631D84531FDE215D0009DFDA /* DetailViewController.swift */; };
		63FFAA391FDE2EEA003DCBE8 /* SnapKit.framework in Frameworks */ = {isa = PBXBuildFile; fileRef = 63FFAA3A1FDE2EEA003DCBE8 /* SnapKit.framework */; settings = {ATTRIBUTES = (Required, ); }; };
/* End PBXBuildFile section */

/* Begin PBXCopyFilesBuildPhase section */
		631D84671FDE22610009DFDA /* Embed Frameworks */ = {
			isa = PBXCopyFilesBuildPhase;
			buildActionMask = 12;
			dstPath = "";
			dstSubfolderSpec = 10;
			files = (
			);
			name = "Embed Frameworks";
			runOnlyForDeploymentPostprocessing = 0;
		};
		631D846B1FDE22770009DFDA /* Embed PlugIns */ = {
			isa = PBXCopyFilesBuildPhase;
			buildActionMask = 2147483647;
			dstPath = "";
			dstSubfolderSpec = 13;
			files = (
			);
			name = "Embed PlugIns";
			runOnlyForDeploymentPostprocessing = 0;
		};
/* End PBXCopyFilesBuildPhase section */

/* Begin PBXFileReference section */
		631D843C1FDE20EC0009DFDA /* AddressBook.app */ = {isa = PBXFileReference; explicitFileType = wrapper.application; includeInIndex = 0; path = AddressBook.app; sourceTree = BUILT_PRODUCTS_DIR; };
		631D843F1FDE20EC0009DFDA /* AppDelegate.swift */ = {isa = PBXFileReference; lastKnownFileType = sourcecode.swift; path = AppDelegate.swift; sourceTree = "<group>"; };
		631D84411FDE20EC0009DFDA /* ViewController.swift */ = {isa = PBXFileReference; lastKnownFileType = sourcecode.swift; path = ViewController.swift; sourceTree = "<group>"; };
		631D84441FDE20EC0009DFDA /* Base */ = {isa = PBXFileReference; lastKnownFileType = file.storyboard; name = Base; path = Base.lproj/Main.storyboard; sourceTree = "<group>"; };
		631D84461FDE20EC0009DFDA /* Assets.xcassets */ = {isa = PBXFileReference; lastKnownFileType = folder.assetcatalog; path = Assets.xcassets; sourceTree = "<group>"; };
		631D84491FDE20EC0009DFDA /* Base */ = {isa = PBXFileReference; lastKnownFileType = file.storyboard; name = Base; path = Base.lproj/LaunchScreen.storyboard; sourceTree = "<group>"; };
		631D844B1FDE20EC0009DFDA /* Info.plist */ = {isa = PBXFileReference; lastKnownFileType = text.plist.xml; path = Info.plist; sourceTree = "<group>"; };
		631D84511FDE21450009DFDA /* DetailTableViewCell.swift */ = {isa = PBXFileReference; fileEncoding = 4; lastKnownFileType = sourcecode.swift; name = DetailTableViewCell.swift; path = "../../私人通讯录/私人通讯录/DetailTableViewCell.swift"; sourceTree = "<group>"; };
		631D84531FDE215D0009DFDA /* DetailViewController.swift */ = {isa = PBXFileReference; fileEncoding = 4; lastKnownFileType = sourcecode.swift; name = DetailViewController.swift; path = "../../私人通讯录/私人通讯录/DetailViewController.swift"; sourceTree = "<group>"; };
		631D847C1FDE2A410009DFDA /* libSnappy.a */ = {isa = PBXFileReference; explicitFileType = archive.ar; path = libSnappy.a; sourceTree = BUILT_PRODUCTS_DIR; };
		63FFAA3A1FDE2EEA003DCBE8 /* SnapKit.framework */ = {isa = PBXFileReference; explicitFileType = wrapper.framework; path = SnapKit.framework; sourceTree = BUILT_PRODUCTS_DIR; };
		7F9067120C6FAC8A8DFCA63E /* Pods-AddressBook.debug.xcconfig */ = {isa = PBXFileReference; includeInIndex = 1; lastKnownFileType = text.xcconfig; name = "Pods-AddressBook.debug.xcconfig"; path = "Pods/Target Support Files/Pods-AddressBook/Pods-AddressBook.debug.xcconfig"; sourceTree = "<group>"; };
		D0322D04F65081969266D281 /* Pods_AddressBook.framework */ = {isa = PBXFileReference; explicitFileType = wrapper.framework; includeInIndex = 0; path = Pods_AddressBook.framework; sourceTree = BUILT_PRODUCTS_DIR; };
		F75C78B3119063B20B1E337C /* Pods-AddressBook.release.xcconfig */ = {isa = PBXFileReference; includeInIndex = 1; lastKnownFileType = text.xcconfig; name = "Pods-AddressBook.release.xcconfig"; path = "Pods/Target Support Files/Pods-AddressBook/Pods-AddressBook.release.xcconfig"; sourceTree = "<group>"; };
/* End PBXFileReference section */

/* Begin PBXFrameworksBuildPhase section */
		631D84391FDE20EC0009DFDA /* Frameworks */ = {
			isa = PBXFrameworksBuildPhase;
			buildActionMask = 2147483647;
			files = (
				63FFAA391FDE2EEA003DCBE8 /* SnapKit.framework in Frameworks */,
				42D4F5C7E7BE61954D75EB73 /* Pods_AddressBook.framework in Frameworks */,
			);
			runOnlyForDeploymentPostprocessing = 0;
		};
/* End PBXFrameworksBuildPhase section */

/* Begin PBXGroup section */
		2F9D9FE48C09F2653804F283 /* Pods */ = {
			isa = PBXGroup;
			children = (
				7F9067120C6FAC8A8DFCA63E /* Pods-AddressBook.debug.xcconfig */,
				F75C78B3119063B20B1E337C /* Pods-AddressBook.release.xcconfig */,
			);
			name = Pods;
			sourceTree = "<group>";
		};
		631D84331FDE20EC0009DFDA = {
			isa = PBXGroup;
			children = (
				631D843E1FDE20EC0009DFDA /* AddressBook */,
				631D843D1FDE20EC0009DFDA /* Products */,
				2F9D9FE48C09F2653804F283 /* Pods */,
				EE30A524970DF51D9CB5F231 /* Frameworks */,
			);
			sourceTree = "<group>";
		};
		631D843D1FDE20EC0009DFDA /* Products */ = {
			isa = PBXGroup;
			children = (
				631D843C1FDE20EC0009DFDA /* AddressBook.app */,
			);
			name = Products;
			sourceTree = "<group>";
		};
		631D843E1FDE20EC0009DFDA /* AddressBook */ = {
			isa = PBXGroup;
			children = (
				631D843F1FDE20EC0009DFDA /* AppDelegate.swift */,
				631D84411FDE20EC0009DFDA /* ViewController.swift */,
				631D84531FDE215D0009DFDA /* DetailViewController.swift */,
				631D84511FDE21450009DFDA /* DetailTableViewCell.swift */,
				631D84431FDE20EC0009DFDA /* Main.storyboard */,
				631D84461FDE20EC0009DFDA /* Assets.xcassets */,
				631D84481FDE20EC0009DFDA /* LaunchScreen.storyboard */,
				631D844B1FDE20EC0009DFDA /* Info.plist */,
			);
			path = AddressBook;
			sourceTree = "<group>";
		};
		EE30A524970DF51D9CB5F231 /* Frameworks */ = {
			isa = PBXGroup;
			children = (
				63FFAA3A1FDE2EEA003DCBE8 /* SnapKit.framework */,
				631D847C1FDE2A410009DFDA /* libSnappy.a */,
				D0322D04F65081969266D281 /* Pods_AddressBook.framework */,
			);
			name = Frameworks;
			sourceTree = "<group>";
		};
/* End PBXGroup section */

/* Begin PBXNativeTarget section */
		631D843B1FDE20EC0009DFDA /* AddressBook */ = {
			isa = PBXNativeTarget;
			buildConfigurationList = 631D844E1FDE20EC0009DFDA /* Build configuration list for PBXNativeTarget "AddressBook" */;
			buildPhases = (
				E9BA87DFD6CC653C92FD23C0 /* [CP] Check Pods Manifest.lock */,
				631D84381FDE20EC0009DFDA /* Sources */,
				631D84391FDE20EC0009DFDA /* Frameworks */,
				631D843A1FDE20EC0009DFDA /* Resources */,
				631D84671FDE22610009DFDA /* Embed Frameworks */,
				631D846B1FDE22770009DFDA /* Embed PlugIns */,
				BF8B2CD531D86B0E111B0C5B /* [CP] Embed Pods Frameworks */,
				6DB48B0254B2071C41304E73 /* [CP] Copy Pods Resources */,
			);
			buildRules = (
			);
			dependencies = (
			);
			name = AddressBook;
			productName = AddressBook;
			productReference = 631D843C1FDE20EC0009DFDA /* AddressBook.app */;
			productType = "com.apple.product-type.application";
		};
/* End PBXNativeTarget section */

/* Begin PBXProject section */
		631D84341FDE20EC0009DFDA /* Project object */ = {
			isa = PBXProject;
			attributes = {
				LastSwiftUpdateCheck = 0910;
				LastUpgradeCheck = 0910;
				ORGANIZATIONNAME = "周冰烽";
				TargetAttributes = {
					631D843B1FDE20EC0009DFDA = {
						CreatedOnToolsVersion = 9.1;
						ProvisioningStyle = Automatic;
					};
				};
			};
			buildConfigurationList = 631D84371FDE20EC0009DFDA /* Build configuration list for PBXProject "AddressBook" */;
			compatibilityVersion = "Xcode 8.0";
			developmentRegion = en;
			hasScannedForEncodings = 0;
			knownRegions = (
				en,
				Base,
			);
			mainGroup = 631D84331FDE20EC0009DFDA;
			productRefGroup = 631D843D1FDE20EC0009DFDA /* Products */;
			projectDirPath = "";
			projectRoot = "";
			targets = (
				631D843B1FDE20EC0009DFDA /* AddressBook */,
			);
		};
/* End PBXProject section */

/* Begin PBXResourcesBuildPhase section */
		631D843A1FDE20EC0009DFDA /* Resources */ = {
			isa = PBXResourcesBuildPhase;
			buildActionMask = 2147483647;
			files = (
				631D844A1FDE20EC0009DFDA /* LaunchScreen.storyboard in Resources */,
				631D84471FDE20EC0009DFDA /* Assets.xcassets in Resources */,
				631D84451FDE20EC0009DFDA /* Main.storyboard in Resources */,
			);
			runOnlyForDeploymentPostprocessing = 0;
		};
/* End PBXResourcesBuildPhase section */

/* Begin PBXShellScriptBuildPhase section */
		6DB48B0254B2071C41304E73 /* [CP] Copy Pods Resources */ = {
			isa = PBXShellScriptBuildPhase;
			buildActionMask = 2147483647;
			files = (
			);
			inputPaths = (
			);
			name = "[CP] Copy Pods Resources";
			outputPaths = (
			);
			runOnlyForDeploymentPostprocessing = 0;
			shellPath = /bin/sh;
			shellScript = "\"${SRCROOT}/Pods/Target Support Files/Pods-AddressBook/Pods-AddressBook-resources.sh\"\n";
			showEnvVarsInLog = 0;
		};
		BF8B2CD531D86B0E111B0C5B /* [CP] Embed Pods Frameworks */ = {
			isa = PBXShellScriptBuildPhase;
			buildActionMask = 2147483647;
			files = (
			);
			inputPaths = (
				"${SRCROOT}/Pods/Target Support Files/Pods-AddressBook/Pods-AddressBook-frameworks.sh",
				"${BUILT_PRODUCTS_DIR}/SnapKit/SnapKit.framework",
			);
			name = "[CP] Embed Pods Frameworks";
			outputPaths = (
				"${TARGET_BUILD_DIR}/${FRAMEWORKS_FOLDER_PATH}/SnapKit.framework",
			);
			runOnlyForDeploymentPostprocessing = 0;
			shellPath = /bin/sh;
			shellScript = "\"${SRCROOT}/Pods/Target Support Files/Pods-AddressBook/Pods-AddressBook-frameworks.sh\"\n";
			showEnvVarsInLog = 0;
		};
		E9BA87DFD6CC653C92FD23C0 /* [CP] Check Pods Manifest.lock */ = {
			isa = PBXShellScriptBuildPhase;
			buildActionMask = 2147483647;
			files = (
			);
			inputPaths = (
				"${PODS_PODFILE_DIR_PATH}/Podfile.lock",
				"${PODS_ROOT}/Manifest.lock",
			);
			name = "[CP] Check Pods Manifest.lock";
			outputPaths = (
				"$(DERIVED_FILE_DIR)/Pods-AddressBook-checkManifestLockResult.txt",
			);
			runOnlyForDeploymentPostprocessing = 0;
			shellPath = /bin/sh;
			shellScript = "diff \"${PODS_PODFILE_DIR_PATH}/Podfile.lock\" \"${PODS_ROOT}/Manifest.lock\" > /dev/null\nif [ $? != 0 ] ; then\n    # print error to STDERR\n    echo \"error: The sandbox is not in sync with the Podfile.lock. Run 'pod install' or update your CocoaPods installation.\" >&2\n    exit 1\nfi\n# This output is used by Xcode 'outputs' to avoid re-running this script phase.\necho \"SUCCESS\" > \"${SCRIPT_OUTPUT_FILE_0}\"\n";
			showEnvVarsInLog = 0;
		};
/* End PBXShellScriptBuildPhase section */

/* Begin PBXSourcesBuildPhase section */
		631D84381FDE20EC0009DFDA /* Sources */ = {
			isa = PBXSourcesBuildPhase;
			buildActionMask = 2147483647;
			files = (
				631D84521FDE21450009DFDA /* DetailTableViewCell.swift in Sources */,
				631D84421FDE20EC0009DFDA /* ViewController.swift in Sources */,
				631D84401FDE20EC0009DFDA /* AppDelegate.swift in Sources */,
				631D84541FDE215D0009DFDA /* DetailViewController.swift in Sources */,
			);
			runOnlyForDeploymentPostprocessing = 0;
		};
/* End PBXSourcesBuildPhase section */

/* Begin PBXVariantGroup section */
		631D84431FDE20EC0009DFDA /* Main.storyboard */ = {
			isa = PBXVariantGroup;
			children = (
				631D84441FDE20EC0009DFDA /* Base */,
			);
			name = Main.storyboard;
			sourceTree = "<group>";
		};
		631D84481FDE20EC0009DFDA /* LaunchScreen.storyboard */ = {
			isa = PBXVariantGroup;
			children = (
				631D84491FDE20EC0009DFDA /* Base */,
			);
			name = LaunchScreen.storyboard;
			sourceTree = "<group>";
		};
/* End PBXVariantGroup section */

/* Begin XCBuildConfiguration section */
		631D844C1FDE20EC0009DFDA /* Debug */ = {
			isa = XCBuildConfiguration;
			buildSettings = {
				ALWAYS_SEARCH_USER_PATHS = NO;
				CLANG_ANALYZER_NONNULL = YES;
				CLANG_ANALYZER_NUMBER_OBJECT_CONVERSION = YES_AGGRESSIVE;
				CLANG_CXX_LANGUAGE_STANDARD = "gnu++14";
				CLANG_CXX_LIBRARY = "libc++";
				CLANG_ENABLE_MODULES = YES;
				CLANG_ENABLE_OBJC_ARC = YES;
				CLANG_WARN_BLOCK_CAPTURE_AUTORELEASING = YES;
				CLANG_WARN_BOOL_CONVERSION = YES;
				CLANG_WARN_COMMA = YES;
				CLANG_WARN_CONSTANT_CONVERSION = YES;
				CLANG_WARN_DIRECT_OBJC_ISA_USAGE = YES_ERROR;
				CLANG_WARN_DOCUMENTATION_COMMENTS = YES;
				CLANG_WARN_EMPTY_BODY = YES;
				CLANG_WARN_ENUM_CONVERSION = YES;
				CLANG_WARN_INFINITE_RECURSION = YES;
				CLANG_WARN_INT_CONVERSION = YES;
				CLANG_WARN_NON_LITERAL_NULL_CONVERSION = YES;
				CLANG_WARN_OBJC_LITERAL_CONVERSION = YES;
				CLANG_WARN_OBJC_ROOT_CLASS = YES_ERROR;
				CLANG_WARN_RANGE_LOOP_ANALYSIS = YES;
				CLANG_WARN_STRICT_PROTOTYPES = YES;
				CLANG_WARN_SUSPICIOUS_MOVE = YES;
				CLANG_WARN_UNGUARDED_AVAILABILITY = YES_AGGRESSIVE;
				CLANG_WARN_UNREACHABLE_CODE = YES;
				CLANG_WARN__DUPLICATE_METHOD_MATCH = YES;
				CODE_SIGN_IDENTITY = "iPhone Developer";
				COPY_PHASE_STRIP = NO;
				DEBUG_INFORMATION_FORMAT = dwarf;
				ENABLE_STRICT_OBJC_MSGSEND = YES;
				ENABLE_TESTABILITY = YES;
				GCC_C_LANGUAGE_STANDARD = gnu11;
				GCC_DYNAMIC_NO_PIC = NO;
				GCC_NO_COMMON_BLOCKS = YES;
				GCC_OPTIMIZATION_LEVEL = 0;
				GCC_PREPROCESSOR_DEFINITIONS = (
					"DEBUG=1",
					"$(inherited)",
				);
				GCC_WARN_64_TO_32_BIT_CONVERSION = YES;
				GCC_WARN_ABOUT_RETURN_TYPE = YES_ERROR;
				GCC_WARN_UNDECLARED_SELECTOR = YES;
				GCC_WARN_UNINITIALIZED_AUTOS = YES_AGGRESSIVE;
				GCC_WARN_UNUSED_FUNCTION = YES;
				GCC_WARN_UNUSED_VARIABLE = YES;
				IPHONEOS_DEPLOYMENT_TARGET = 11.1;
				MTL_ENABLE_DEBUG_INFO = YES;
				ONLY_ACTIVE_ARCH = YES;
				SDKROOT = iphoneos;
				SWIFT_ACTIVE_COMPILATION_CONDITIONS = DEBUG;
				SWIFT_OPTIMIZATION_LEVEL = "-Onone";
			};
			name = Debug;
		};
		631D844D1FDE20EC0009DFDA /* Release */ = {
			isa = XCBuildConfiguration;
			buildSettings = {
				ALWAYS_SEARCH_USER_PATHS = NO;
				CLANG_ANALYZER_NONNULL = YES;
				CLANG_ANALYZER_NUMBER_OBJECT_CONVERSION = YES_AGGRESSIVE;
				CLANG_CXX_LANGUAGE_STANDARD = "gnu++14";
				CLANG_CXX_LIBRARY = "libc++";
				CLANG_ENABLE_MODULES = YES;
				CLANG_ENABLE_OBJC_ARC = YES;
				CLANG_WARN_BLOCK_CAPTURE_AUTORELEASING = YES;
				CLANG_WARN_BOOL_CONVERSION = YES;
				CLANG_WARN_COMMA = YES;
				CLANG_WARN_CONSTANT_CONVERSION = YES;
				CLANG_WARN_DIRECT_OBJC_ISA_USAGE = YES_ERROR;
				CLANG_WARN_DOCUMENTATION_COMMENTS = YES;
				CLANG_WARN_EMPTY_BODY = YES;
				CLANG_WARN_ENUM_CONVERSION = YES;
				CLANG_WARN_INFINITE_RECURSION = YES;
				CLANG_WARN_INT_CONVERSION = YES;
				CLANG_WARN_NON_LITERAL_NULL_CONVERSION = YES;
				CLANG_WARN_OBJC_LITERAL_CONVERSION = YES;
				CLANG_WARN_OBJC_ROOT_CLASS = YES_ERROR;
				CLANG_WARN_RANGE_LOOP_ANALYSIS = YES;
				CLANG_WARN_STRICT_PROTOTYPES = YES;
				CLANG_WARN_SUSPICIOUS_MOVE = YES;
				CLANG_WARN_UNGUARDED_AVAILABILITY = YES_AGGRESSIVE;
				CLANG_WARN_UNREACHABLE_CODE = YES;
				CLANG_WARN__DUPLICATE_METHOD_MATCH = YES;
				CODE_SIGN_IDENTITY = "iPhone Developer";
				COPY_PHASE_STRIP = NO;
				DEBUG_INFORMATION_FORMAT = "dwarf-with-dsym";
				ENABLE_NS_ASSERTIONS = NO;
				ENABLE_STRICT_OBJC_MSGSEND = YES;
				GCC_C_LANGUAGE_STANDARD = gnu11;
				GCC_NO_COMMON_BLOCKS = YES;
				GCC_WARN_64_TO_32_BIT_CONVERSION = YES;
				GCC_WARN_ABOUT_RETURN_TYPE = YES_ERROR;
				GCC_WARN_UNDECLARED_SELECTOR = YES;
				GCC_WARN_UNINITIALIZED_AUTOS = YES_AGGRESSIVE;
				GCC_WARN_UNUSED_FUNCTION = YES;
				GCC_WARN_UNUSED_VARIABLE = YES;
				IPHONEOS_DEPLOYMENT_TARGET = 11.1;
				MTL_ENABLE_DEBUG_INFO = NO;
				SDKROOT = iphoneos;
				SWIFT_OPTIMIZATION_LEVEL = "-Owholemodule";
				VALIDATE_PRODUCT = YES;
			};
			name = Release;
		};
		631D844F1FDE20EC0009DFDA /* Debug */ = {
			isa = XCBuildConfiguration;
			baseConfigurationReference = 7F9067120C6FAC8A8DFCA63E /* Pods-AddressBook.debug.xcconfig */;
			buildSettings = {
				ALWAYS_EMBED_SWIFT_STANDARD_LIBRARIES = YES;
				ASSETCATALOG_COMPILER_APPICON_NAME = AppIcon;
				CODE_SIGN_STYLE = Automatic;
				DEVELOPMENT_TEAM = A6X5RK4546;
				INFOPLIST_FILE = AddressBook/Info.plist;
				LD_RUNPATH_SEARCH_PATHS = "$(inherited) @executable_path/Frameworks";
				PRODUCT_BUNDLE_IDENTIFIER = "com.devil.www.----";
				PRODUCT_NAME = "$(TARGET_NAME)";
				SWIFT_VERSION = 4.0;
				TARGETED_DEVICE_FAMILY = "1,2";
				USER_HEADER_SEARCH_PATHS = "$(PODS_ROOT)";
			};
			name = Debug;
		};
		631D84501FDE20EC0009DFDA /* Release */ = {
			isa = XCBuildConfiguration;
			baseConfigurationReference = F75C78B3119063B20B1E337C /* Pods-AddressBook.release.xcconfig */;
			buildSettings = {
				ALWAYS_EMBED_SWIFT_STANDARD_LIBRARIES = YES;
				ASSETCATALOG_COMPILER_APPICON_NAME = AppIcon;
				CODE_SIGN_STYLE = Automatic;
				DEVELOPMENT_TEAM = A6X5RK4546;
				INFOPLIST_FILE = AddressBook/Info.plist;
				LD_RUNPATH_SEARCH_PATHS = "$(inherited) @executable_path/Frameworks";
				PRODUCT_BUNDLE_IDENTIFIER = "com.devil.www.----";
				PRODUCT_NAME = "$(TARGET_NAME)";
				SWIFT_VERSION = 4.0;
				TARGETED_DEVICE_FAMILY = "1,2";
				USER_HEADER_SEARCH_PATHS = "$(PODS_ROOT)";
			};
			name = Release;
		};
/* End XCBuildConfiguration section */

/* Begin XCConfigurationList section */
		631D84371FDE20EC0009DFDA /* Build configuration list for PBXProject "AddressBook" */ = {
			isa = XCConfigurationList;
			buildConfigurations = (
				631D844C1FDE20EC0009DFDA /* Debug */,
				631D844D1FDE20EC0009DFDA /* Release */,
			);
			defaultConfigurationIsVisible = 0;
			defaultConfigurationName = Release;
		};
		631D844E1FDE20EC0009DFDA /* Build configuration list for PBXNativeTarget "AddressBook" */ = {
			isa = XCConfigurationList;
			buildConfigurations = (
				631D844F1FDE20EC0009DFDA /* Debug */,
				631D84501FDE20EC0009DFDA /* Release */,
			);
			defaultConfigurationIsVisible = 0;
			defaultConfigurationName = Release;
		};
/* End XCConfigurationList section */
	};
	rootObject = 631D84341FDE20EC0009DFDA /* Project object */;
}
