// !$*UTF8*$!
{
	archiveVersion = 1;
	classes = {
	};
	objectVersion = 48;
	objects = {

/* Begin PBXBuildFile section */
		63248B2C1FDF727100002484 /* PrefixHeader.swift in Sources */ = {isa = PBXBuildFile; fileRef = 63248B2B1FDF727100002484 /* PrefixHeader.swift */; };
		63248B2D1FDF72BD00002484 /* SnapKit.framework in Frameworks */ = {isa = PBXBuildFile; fileRef = 63248B2E1FDF72BD00002484 /* SnapKit.framework */; };
		6394E1021FDF6D21009A0E7C /* AppDelegate.swift in Sources */ = {isa = PBXBuildFile; fileRef = 6394E1011FDF6D21009A0E7C /* AppDelegate.swift */; };
		6394E1041FDF6D21009A0E7C /* ViewController.swift in Sources */ = {isa = PBXBuildFile; fileRef = 6394E1031FDF6D21009A0E7C /* ViewController.swift */; };
		6394E1071FDF6D21009A0E7C /* Main.storyboard in Resources */ = {isa = PBXBuildFile; fileRef = 6394E1051FDF6D21009A0E7C /* Main.storyboard */; };
		6394E1091FDF6D21009A0E7C /* Assets.xcassets in Resources */ = {isa = PBXBuildFile; fileRef = 6394E1081FDF6D21009A0E7C /* Assets.xcassets */; };
		6394E10C1FDF6D21009A0E7C /* LaunchScreen.storyboard in Resources */ = {isa = PBXBuildFile; fileRef = 6394E10A1FDF6D21009A0E7C /* LaunchScreen.storyboard */; };
		8763DD33503DE219C9143CE8 /* Pods____cell____.framework in Frameworks */ = {isa = PBXBuildFile; fileRef = 4764E4ED7591E8B58645B424 /* Pods____cell____.framework */; };
/* End PBXBuildFile section */

/* Begin PBXFileReference section */
		0583FD7B09FE95C550D80064 /* Pods-自定义cell编辑状态.release.xcconfig */ = {isa = PBXFileReference; includeInIndex = 1; lastKnownFileType = text.xcconfig; name = "Pods-自定义cell编辑状态.release.xcconfig"; path = "Pods/Target Support Files/Pods-自定义cell编辑状态/Pods-自定义cell编辑状态.release.xcconfig"; sourceTree = "<group>"; };
		4764E4ED7591E8B58645B424 /* Pods____cell____.framework */ = {isa = PBXFileReference; explicitFileType = wrapper.framework; includeInIndex = 0; path = "Pods____cell____.framework"; sourceTree = BUILT_PRODUCTS_DIR; };
		63248B2B1FDF727100002484 /* PrefixHeader.swift */ = {isa = PBXFileReference; lastKnownFileType = sourcecode.swift; path = PrefixHeader.swift; sourceTree = "<group>"; };
		63248B2E1FDF72BD00002484 /* SnapKit.framework */ = {isa = PBXFileReference; explicitFileType = wrapper.framework; path = SnapKit.framework; sourceTree = BUILT_PRODUCTS_DIR; };
		6394E0FE1FDF6D21009A0E7C /* 自定义cell编辑状态.app */ = {isa = PBXFileReference; explicitFileType = wrapper.application; includeInIndex = 0; path = "自定义cell编辑状态.app"; sourceTree = BUILT_PRODUCTS_DIR; };
		6394E1011FDF6D21009A0E7C /* AppDelegate.swift */ = {isa = PBXFileReference; lastKnownFileType = sourcecode.swift; path = AppDelegate.swift; sourceTree = "<group>"; };
		6394E1031FDF6D21009A0E7C /* ViewController.swift */ = {isa = PBXFileReference; lastKnownFileType = sourcecode.swift; path = ViewController.swift; sourceTree = "<group>"; };
		6394E1061FDF6D21009A0E7C /* Base */ = {isa = PBXFileReference; lastKnownFileType = file.storyboard; name = Base; path = Base.lproj/Main.storyboard; sourceTree = "<group>"; };
		6394E1081FDF6D21009A0E7C /* Assets.xcassets */ = {isa = PBXFileReference; lastKnownFileType = folder.assetcatalog; path = Assets.xcassets; sourceTree = "<group>"; };
		6394E10B1FDF6D21009A0E7C /* Base */ = {isa = PBXFileReference; lastKnownFileType = file.storyboard; name = Base; path = Base.lproj/LaunchScreen.storyboard; sourceTree = "<group>"; };
		6394E10D1FDF6D21009A0E7C /* Info.plist */ = {isa = PBXFileReference; lastKnownFileType = text.plist.xml; path = Info.plist; sourceTree = "<group>"; };
		9A309A5B5F4CDD6F782F3E36 /* Pods-自定义cell编辑状态.debug.xcconfig */ = {isa = PBXFileReference; includeInIndex = 1; lastKnownFileType = text.xcconfig; name = "Pods-自定义cell编辑状态.debug.xcconfig"; path = "Pods/Target Support Files/Pods-自定义cell编辑状态/Pods-自定义cell编辑状态.debug.xcconfig"; sourceTree = "<group>"; };
/* End PBXFileReference section */

/* Begin PBXFrameworksBuildPhase section */
		6394E0FB1FDF6D21009A0E7C /* Frameworks */ = {
			isa = PBXFrameworksBuildPhase;
			buildActionMask = 2147483647;
			files = (
				63248B2D1FDF72BD00002484 /* SnapKit.framework in Frameworks */,
				8763DD33503DE219C9143CE8 /* Pods____cell____.framework in Frameworks */,
			);
			runOnlyForDeploymentPostprocessing = 0;
		};
/* End PBXFrameworksBuildPhase section */

/* Begin PBXGroup section */
		6394E0F51FDF6D21009A0E7C = {
			isa = PBXGroup;
			children = (
				6394E1001FDF6D21009A0E7C /* 自定义cell编辑状态 */,
				6394E0FF1FDF6D21009A0E7C /* Products */,
				ADEB0C1FD57451DBBA02B527 /* Pods */,
				D91F94EE96093D104661CC09 /* Frameworks */,
			);
			sourceTree = "<group>";
		};
		6394E0FF1FDF6D21009A0E7C /* Products */ = {
			isa = PBXGroup;
			children = (
				6394E0FE1FDF6D21009A0E7C /* 自定义cell编辑状态.app */,
			);
			name = Products;
			sourceTree = "<group>";
		};
		6394E1001FDF6D21009A0E7C /* 自定义cell编辑状态 */ = {
			isa = PBXGroup;
			children = (
				6394E1011FDF6D21009A0E7C /* AppDelegate.swift */,
				6394E1031FDF6D21009A0E7C /* ViewController.swift */,
				63248B2B1FDF727100002484 /* PrefixHeader.swift */,
				6394E1051FDF6D21009A0E7C /* Main.storyboard */,
				6394E1081FDF6D21009A0E7C /* Assets.xcassets */,
				6394E10A1FDF6D21009A0E7C /* LaunchScreen.storyboard */,
				6394E10D1FDF6D21009A0E7C /* Info.plist */,
			);
			path = "自定义cell编辑状态";
			sourceTree = "<group>";
		};
		ADEB0C1FD57451DBBA02B527 /* Pods */ = {
			isa = PBXGroup;
			children = (
				9A309A5B5F4CDD6F782F3E36 /* Pods-自定义cell编辑状态.debug.xcconfig */,
				0583FD7B09FE95C550D80064 /* Pods-自定义cell编辑状态.release.xcconfig */,
			);
			name = Pods;
			sourceTree = "<group>";
		};
		D91F94EE96093D104661CC09 /* Frameworks */ = {
			isa = PBXGroup;
			children = (
				63248B2E1FDF72BD00002484 /* SnapKit.framework */,
				4764E4ED7591E8B58645B424 /* Pods____cell____.framework */,
			);
			name = Frameworks;
			sourceTree = "<group>";
		};
/* End PBXGroup section */

/* Begin PBXNativeTarget section */
		6394E0FD1FDF6D21009A0E7C /* 自定义cell编辑状态 */ = {
			isa = PBXNativeTarget;
			buildConfigurationList = 6394E1101FDF6D21009A0E7C /* Build configuration list for PBXNativeTarget "自定义cell编辑状态" */;
			buildPhases = (
				C22D057C1CD577C0634B33CB /* [CP] Check Pods Manifest.lock */,
				6394E0FA1FDF6D21009A0E7C /* Sources */,
				6394E0FB1FDF6D21009A0E7C /* Frameworks */,
				6394E0FC1FDF6D21009A0E7C /* Resources */,
				0BA08B17EF09CB902A70C1E0 /* [CP] Embed Pods Frameworks */,
				20F1395866165E5EBBDE220F /* [CP] Copy Pods Resources */,
			);
			buildRules = (
			);
			dependencies = (
			);
			name = "自定义cell编辑状态";
			productName = "自定义cell编辑状态";
			productReference = 6394E0FE1FDF6D21009A0E7C /* 自定义cell编辑状态.app */;
			productType = "com.apple.product-type.application";
		};
/* End PBXNativeTarget section */

/* Begin PBXProject section */
		6394E0F61FDF6D21009A0E7C /* Project object */ = {
			isa = PBXProject;
			attributes = {
				LastSwiftUpdateCheck = 0910;
				LastUpgradeCheck = 0910;
				ORGANIZATIONNAME = "周冰烽";
				TargetAttributes = {
					6394E0FD1FDF6D21009A0E7C = {
						CreatedOnToolsVersion = 9.1;
						ProvisioningStyle = Automatic;
					};
				};
			};
			buildConfigurationList = 6394E0F91FDF6D21009A0E7C /* Build configuration list for PBXProject "自定义cell编辑状态" */;
			compatibilityVersion = "Xcode 8.0";
			developmentRegion = en;
			hasScannedForEncodings = 0;
			knownRegions = (
				en,
				Base,
			);
			mainGroup = 6394E0F51FDF6D21009A0E7C;
			productRefGroup = 6394E0FF1FDF6D21009A0E7C /* Products */;
			projectDirPath = "";
			projectRoot = "";
			targets = (
				6394E0FD1FDF6D21009A0E7C /* 自定义cell编辑状态 */,
			);
		};
/* End PBXProject section */

/* Begin PBXResourcesBuildPhase section */
		6394E0FC1FDF6D21009A0E7C /* Resources */ = {
			isa = PBXResourcesBuildPhase;
			buildActionMask = 2147483647;
			files = (
				6394E10C1FDF6D21009A0E7C /* LaunchScreen.storyboard in Resources */,
				6394E1091FDF6D21009A0E7C /* Assets.xcassets in Resources */,
				6394E1071FDF6D21009A0E7C /* Main.storyboard in Resources */,
			);
			runOnlyForDeploymentPostprocessing = 0;
		};
/* End PBXResourcesBuildPhase section */

/* Begin PBXShellScriptBuildPhase section */
		0BA08B17EF09CB902A70C1E0 /* [CP] Embed Pods Frameworks */ = {
			isa = PBXShellScriptBuildPhase;
			buildActionMask = 2147483647;
			files = (
			);
			inputPaths = (
				"${SRCROOT}/Pods/Target Support Files/Pods-自定义cell编辑状态/Pods-自定义cell编辑状态-frameworks.sh",
				"${BUILT_PRODUCTS_DIR}/SnapKit/SnapKit.framework",
			);
			name = "[CP] Embed Pods Frameworks";
			outputPaths = (
				"${TARGET_BUILD_DIR}/${FRAMEWORKS_FOLDER_PATH}/SnapKit.framework",
			);
			runOnlyForDeploymentPostprocessing = 0;
			shellPath = /bin/sh;
			shellScript = "\"${SRCROOT}/Pods/Target Support Files/Pods-自定义cell编辑状态/Pods-自定义cell编辑状态-frameworks.sh\"\n";
			showEnvVarsInLog = 0;
		};
		20F1395866165E5EBBDE220F /* [CP] Copy Pods Resources */ = {
			isa = PBXShellScriptBuildPhase;
			buildActionMask = 2147483647;
			files = (
			);
			inputPaths = (
			);
			name = "[CP] Copy Pods Resources";
			outputPaths = (
			);
			runOnlyForDeploymentPostprocessing = 0;
			shellPath = /bin/sh;
			shellScript = "\"${SRCROOT}/Pods/Target Support Files/Pods-自定义cell编辑状态/Pods-自定义cell编辑状态-resources.sh\"\n";
			showEnvVarsInLog = 0;
		};
		C22D057C1CD577C0634B33CB /* [CP] Check Pods Manifest.lock */ = {
			isa = PBXShellScriptBuildPhase;
			buildActionMask = 2147483647;
			files = (
			);
			inputPaths = (
				"${PODS_PODFILE_DIR_PATH}/Podfile.lock",
				"${PODS_ROOT}/Manifest.lock",
			);
			name = "[CP] Check Pods Manifest.lock";
			outputPaths = (
				"$(DERIVED_FILE_DIR)/Pods-自定义cell编辑状态-checkManifestLockResult.txt",
			);
			runOnlyForDeploymentPostprocessing = 0;
			shellPath = /bin/sh;
			shellScript = "diff \"${PODS_PODFILE_DIR_PATH}/Podfile.lock\" \"${PODS_ROOT}/Manifest.lock\" > /dev/null\nif [ $? != 0 ] ; then\n    # print error to STDERR\n    echo \"error: The sandbox is not in sync with the Podfile.lock. Run 'pod install' or update your CocoaPods installation.\" >&2\n    exit 1\nfi\n# This output is used by Xcode 'outputs' to avoid re-running this script phase.\necho \"SUCCESS\" > \"${SCRIPT_OUTPUT_FILE_0}\"\n";
			showEnvVarsInLog = 0;
		};
/* End PBXShellScriptBuildPhase section */

/* Begin PBXSourcesBuildPhase section */
		6394E0FA1FDF6D21009A0E7C /* Sources */ = {
			isa = PBXSourcesBuildPhase;
			buildActionMask = 2147483647;
			files = (
				63248B2C1FDF727100002484 /* PrefixHeader.swift in Sources */,
				6394E1041FDF6D21009A0E7C /* ViewController.swift in Sources */,
				6394E1021FDF6D21009A0E7C /* AppDelegate.swift in Sources */,
			);
			runOnlyForDeploymentPostprocessing = 0;
		};
/* End PBXSourcesBuildPhase section */

/* Begin PBXVariantGroup section */
		6394E1051FDF6D21009A0E7C /* Main.storyboard */ = {
			isa = PBXVariantGroup;
			children = (
				6394E1061FDF6D21009A0E7C /* Base */,
			);
			name = Main.storyboard;
			sourceTree = "<group>";
		};
		6394E10A1FDF6D21009A0E7C /* LaunchScreen.storyboard */ = {
			isa = PBXVariantGroup;
			children = (
				6394E10B1FDF6D21009A0E7C /* Base */,
			);
			name = LaunchScreen.storyboard;
			sourceTree = "<group>";
		};
/* End PBXVariantGroup section */

/* Begin XCBuildConfiguration section */
		6394E10E1FDF6D21009A0E7C /* Debug */ = {
			isa = XCBuildConfiguration;
			buildSettings = {
				ALWAYS_SEARCH_USER_PATHS = NO;
				CLANG_ANALYZER_NONNULL = YES;
				CLANG_ANALYZER_NUMBER_OBJECT_CONVERSION = YES_AGGRESSIVE;
				CLANG_CXX_LANGUAGE_STANDARD = "gnu++14";
				CLANG_CXX_LIBRARY = "libc++";
				CLANG_ENABLE_MODULES = YES;
				CLANG_ENABLE_OBJC_ARC = YES;
				CLANG_WARN_BLOCK_CAPTURE_AUTORELEASING = YES;
				CLANG_WARN_BOOL_CONVERSION = YES;
				CLANG_WARN_COMMA = YES;
				CLANG_WARN_CONSTANT_CONVERSION = YES;
				CLANG_WARN_DIRECT_OBJC_ISA_USAGE = YES_ERROR;
				CLANG_WARN_DOCUMENTATION_COMMENTS = YES;
				CLANG_WARN_EMPTY_BODY = YES;
				CLANG_WARN_ENUM_CONVERSION = YES;
				CLANG_WARN_INFINITE_RECURSION = YES;
				CLANG_WARN_INT_CONVERSION = YES;
				CLANG_WARN_NON_LITERAL_NULL_CONVERSION = YES;
				CLANG_WARN_OBJC_LITERAL_CONVERSION = YES;
				CLANG_WARN_OBJC_ROOT_CLASS = YES_ERROR;
				CLANG_WARN_RANGE_LOOP_ANALYSIS = YES;
				CLANG_WARN_STRICT_PROTOTYPES = YES;
				CLANG_WARN_SUSPICIOUS_MOVE = YES;
				CLANG_WARN_UNGUARDED_AVAILABILITY = YES_AGGRESSIVE;
				CLANG_WARN_UNREACHABLE_CODE = YES;
				CLANG_WARN__DUPLICATE_METHOD_MATCH = YES;
				CODE_SIGN_IDENTITY = "iPhone Developer";
				COPY_PHASE_STRIP = NO;
				DEBUG_INFORMATION_FORMAT = dwarf;
				ENABLE_STRICT_OBJC_MSGSEND = YES;
				ENABLE_TESTABILITY = YES;
				GCC_C_LANGUAGE_STANDARD = gnu11;
				GCC_DYNAMIC_NO_PIC = NO;
				GCC_NO_COMMON_BLOCKS = YES;
				GCC_OPTIMIZATION_LEVEL = 0;
				GCC_PREPROCESSOR_DEFINITIONS = (
					"DEBUG=1",
					"$(inherited)",
				);
				GCC_WARN_64_TO_32_BIT_CONVERSION = YES;
				GCC_WARN_ABOUT_RETURN_TYPE = YES_ERROR;
				GCC_WARN_UNDECLARED_SELECTOR = YES;
				GCC_WARN_UNINITIALIZED_AUTOS = YES_AGGRESSIVE;
				GCC_WARN_UNUSED_FUNCTION = YES;
				GCC_WARN_UNUSED_VARIABLE = YES;
				IPHONEOS_DEPLOYMENT_TARGET = 11.1;
				MTL_ENABLE_DEBUG_INFO = YES;
				ONLY_ACTIVE_ARCH = YES;
				SDKROOT = iphoneos;
				SWIFT_ACTIVE_COMPILATION_CONDITIONS = DEBUG;
				SWIFT_OPTIMIZATION_LEVEL = "-Onone";
			};
			name = Debug;
		};
		6394E10F1FDF6D21009A0E7C /* Release */ = {
			isa = XCBuildConfiguration;
			buildSettings = {
				ALWAYS_SEARCH_USER_PATHS = NO;
				CLANG_ANALYZER_NONNULL = YES;
				CLANG_ANALYZER_NUMBER_OBJECT_CONVERSION = YES_AGGRESSIVE;
				CLANG_CXX_LANGUAGE_STANDARD = "gnu++14";
				CLANG_CXX_LIBRARY = "libc++";
				CLANG_ENABLE_MODULES = YES;
				CLANG_ENABLE_OBJC_ARC = YES;
				CLANG_WARN_BLOCK_CAPTURE_AUTORELEASING = YES;
				CLANG_WARN_BOOL_CONVERSION = YES;
				CLANG_WARN_COMMA = YES;
				CLANG_WARN_CONSTANT_CONVERSION = YES;
				CLANG_WARN_DIRECT_OBJC_ISA_USAGE = YES_ERROR;
				CLANG_WARN_DOCUMENTATION_COMMENTS = YES;
				CLANG_WARN_EMPTY_BODY = YES;
				CLANG_WARN_ENUM_CONVERSION = YES;
				CLANG_WARN_INFINITE_RECURSION = YES;
				CLANG_WARN_INT_CONVERSION = YES;
				CLANG_WARN_NON_LITERAL_NULL_CONVERSION = YES;
				CLANG_WARN_OBJC_LITERAL_CONVERSION = YES;
				CLANG_WARN_OBJC_ROOT_CLASS = YES_ERROR;
				CLANG_WARN_RANGE_LOOP_ANALYSIS = YES;
				CLANG_WARN_STRICT_PROTOTYPES = YES;
				CLANG_WARN_SUSPICIOUS_MOVE = YES;
				CLANG_WARN_UNGUARDED_AVAILABILITY = YES_AGGRESSIVE;
				CLANG_WARN_UNREACHABLE_CODE = YES;
				CLANG_WARN__DUPLICATE_METHOD_MATCH = YES;
				CODE_SIGN_IDENTITY = "iPhone Developer";
				COPY_PHASE_STRIP = NO;
				DEBUG_INFORMATION_FORMAT = "dwarf-with-dsym";
				ENABLE_NS_ASSERTIONS = NO;
				ENABLE_STRICT_OBJC_MSGSEND = YES;
				GCC_C_LANGUAGE_STANDARD = gnu11;
				GCC_NO_COMMON_BLOCKS = YES;
				GCC_WARN_64_TO_32_BIT_CONVERSION = YES;
				GCC_WARN_ABOUT_RETURN_TYPE = YES_ERROR;
				GCC_WARN_UNDECLARED_SELECTOR = YES;
				GCC_WARN_UNINITIALIZED_AUTOS = YES_AGGRESSIVE;
				GCC_WARN_UNUSED_FUNCTION = YES;
				GCC_WARN_UNUSED_VARIABLE = YES;
				IPHONEOS_DEPLOYMENT_TARGET = 11.1;
				MTL_ENABLE_DEBUG_INFO = NO;
				SDKROOT = iphoneos;
				SWIFT_OPTIMIZATION_LEVEL = "-Owholemodule";
				VALIDATE_PRODUCT = YES;
			};
			name = Release;
		};
		6394E1111FDF6D21009A0E7C /* Debug */ = {
			isa = XCBuildConfiguration;
			baseConfigurationReference = 9A309A5B5F4CDD6F782F3E36 /* Pods-自定义cell编辑状态.debug.xcconfig */;
			buildSettings = {
				ASSETCATALOG_COMPILER_APPICON_NAME = AppIcon;
				CODE_SIGN_STYLE = Automatic;
				DEVELOPMENT_TEAM = A6X5RK4546;
				INFOPLIST_FILE = "自定义cell编辑状态/Info.plist";
				LD_RUNPATH_SEARCH_PATHS = "$(inherited) @executable_path/Frameworks";
				PRODUCT_BUNDLE_IDENTIFIER = "com.devil.www.---cell----";
				PRODUCT_NAME = "$(TARGET_NAME)";
				SWIFT_VERSION = 4.0;
				TARGETED_DEVICE_FAMILY = "1,2";
			};
			name = Debug;
		};
		6394E1121FDF6D21009A0E7C /* Release */ = {
			isa = XCBuildConfiguration;
			baseConfigurationReference = 0583FD7B09FE95C550D80064 /* Pods-自定义cell编辑状态.release.xcconfig */;
			buildSettings = {
				ASSETCATALOG_COMPILER_APPICON_NAME = AppIcon;
				CODE_SIGN_STYLE = Automatic;
				DEVELOPMENT_TEAM = A6X5RK4546;
				INFOPLIST_FILE = "自定义cell编辑状态/Info.plist";
				LD_RUNPATH_SEARCH_PATHS = "$(inherited) @executable_path/Frameworks";
				PRODUCT_BUNDLE_IDENTIFIER = "com.devil.www.---cell----";
				PRODUCT_NAME = "$(TARGET_NAME)";
				SWIFT_VERSION = 4.0;
				TARGETED_DEVICE_FAMILY = "1,2";
			};
			name = Release;
		};
/* End XCBuildConfiguration section */

/* Begin XCConfigurationList section */
		6394E0F91FDF6D21009A0E7C /* Build configuration list for PBXProject "自定义cell编辑状态" */ = {
			isa = XCConfigurationList;
			buildConfigurations = (
				6394E10E1FDF6D21009A0E7C /* Debug */,
				6394E10F1FDF6D21009A0E7C /* Release */,
			);
			defaultConfigurationIsVisible = 0;
			defaultConfigurationName = Release;
		};
		6394E1101FDF6D21009A0E7C /* Build configuration list for PBXNativeTarget "自定义cell编辑状态" */ = {
			isa = XCConfigurationList;
			buildConfigurations = (
				6394E1111FDF6D21009A0E7C /* Debug */,
				6394E1121FDF6D21009A0E7C /* Release */,
			);
			defaultConfigurationIsVisible = 0;
			defaultConfigurationName = Release;
		};
/* End XCConfigurationList section */
	};
	rootObject = 6394E0F61FDF6D21009A0E7C /* Project object */;
}
